
Microsoft Visual Studio Solution File, Format Version 12.00
# Visual Studio 15
Project("{FAE04EC0-301F-11D3-BF4B-00C04F79EFBC}") = "Unity.XR.Interaction.Toolkit.Samples.VisionOS", "Unity.XR.Interaction.Toolkit.Samples.VisionOS.csproj", "{55A98E86-D701-5E62-1706-9257A5530D54}"
EndProject
Project("{FAE04EC0-301F-11D3-BF4B-00C04F79EFBC}") = "Graffity.HandGesture", "Graffity.HandGesture.csproj", "{6C52D5D5-B4E4-E7AE-FC41-C95AB23A4AF0}"
EndProject
Project("{FAE04EC0-301F-11D3-BF4B-00C04F79EFBC}") = "Assembly-CSharp", "Assembly-CSharp.csproj", "{3684D07C-ADC7-378F-F68C-49046DBF7D0E}"
EndProject
Project("{FAE04EC0-301F-11D3-BF4B-00C04F79EFBC}") = "Graffity.HandGesture.Editor", "Graffity.HandGesture.Editor.csproj", "{1AC47FB9-4E25-DC2E-96D8-9CE4D177A065}"
EndProject
Project("{FAE04EC0-301F-11D3-BF4B-00C04F79EFBC}") = "Unity.XR.Interaction.Toolkit.Samples.StarterAssets", "Unity.XR.Interaction.Toolkit.Samples.StarterAssets.csproj", "{B3DD8089-A007-8A48-820D-8F4EEED4144B}"
EndProject
Project("{FAE04EC0-301F-11D3-BF4B-00C04F79EFBC}") = "Unity.XR.Interaction.Toolkit.Samples.StarterAssets.Editor", "Unity.XR.Interaction.Toolkit.Samples.StarterAssets.Editor.csproj", "{9E4E5FD8-A906-67A8-AA59-6215A45175CA}"
EndProject
Project("{FAE04EC0-301F-11D3-BF4B-00C04F79EFBC}") = "Assembly-CSharp-Editor", "Assembly-CSharp-Editor.csproj", "{210A1687-2BA2-1D13-A0D3-37FA5F2590EF}"
EndProject
Project("{FAE04EC0-301F-11D3-BF4B-00C04F79EFBC}") = "Unity.XR.Interaction.Toolkit.Samples.ARStarterAssets", "Unity.XR.Interaction.Toolkit.Samples.ARStarterAssets.csproj", "{9762F39C-2AB3-750E-E524-6F1B4463EBE0}"
EndProject
Project("{FAE04EC0-301F-11D3-BF4B-00C04F79EFBC}") = "Unity.XR.Hands.Samples.VisualizerSample", "Unity.XR.Hands.Samples.VisualizerSample.csproj", "{52B90A61-88D0-5CE0-0901-D82432B058C0}"
EndProject
Project("{FAE04EC0-301F-11D3-BF4B-00C04F79EFBC}") = "Unity.XR.Hands.Samples.Gestures", "Unity.XR.Hands.Samples.Gestures.csproj", "{B6B8B2C1-520D-BB4E-64BF-D9D13854857A}"
EndProject
Project("{FAE04EC0-301F-11D3-BF4B-00C04F79EFBC}") = "Unity.XR.Interaction.Toolkit.Samples.VisionOS.Editor", "Unity.XR.Interaction.Toolkit.Samples.VisionOS.Editor.csproj", "{6B864EF1-9094-22F4-BCBE-8CCC5075AE4A}"
EndProject
Project("{FAE04EC0-301F-11D3-BF4B-00C04F79EFBC}") = "Unity.XR.Interaction.Toolkit.Samples.ARStarterAssets.Editor", "Unity.XR.Interaction.Toolkit.Samples.ARStarterAssets.Editor.csproj", "{7C0B0BEE-CA3D-B454-3B33-ECB4117702F2}"
EndProject
Global
	GlobalSection(SolutionConfigurationPlatforms) = preSolution
		Debug|Any CPU = Debug|Any CPU
		Release|Any CPU = Release|Any CPU
	EndGlobalSection
	GlobalSection(ProjectConfigurationPlatforms) = postSolution
		{55A98E86-D701-5E62-1706-9257A5530D54}.Debug|Any CPU.ActiveCfg = Debug|Any CPU
		{55A98E86-D701-5E62-1706-9257A5530D54}.Debug|Any CPU.Build.0 = Debug|Any CPU
		{55A98E86-D701-5E62-1706-9257A5530D54}.Release|Any CPU.ActiveCfg = Release|Any CPU
		{55A98E86-D701-5E62-1706-9257A5530D54}.Release|Any CPU.Build.0 = Release|Any CPU
		{6C52D5D5-B4E4-E7AE-FC41-C95AB23A4AF0}.Debug|Any CPU.ActiveCfg = Debug|Any CPU
		{6C52D5D5-B4E4-E7AE-FC41-C95AB23A4AF0}.Debug|Any CPU.Build.0 = Debug|Any CPU
		{6C52D5D5-B4E4-E7AE-FC41-C95AB23A4AF0}.Release|Any CPU.ActiveCfg = Release|Any CPU
		{6C52D5D5-B4E4-E7AE-FC41-C95AB23A4AF0}.Release|Any CPU.Build.0 = Release|Any CPU
		{3684D07C-ADC7-378F-F68C-49046DBF7D0E}.Debug|Any CPU.ActiveCfg = Debug|Any CPU
		{3684D07C-ADC7-378F-F68C-49046DBF7D0E}.Debug|Any CPU.Build.0 = Debug|Any CPU
		{3684D07C-ADC7-378F-F68C-49046DBF7D0E}.Release|Any CPU.ActiveCfg = Release|Any CPU
		{3684D07C-ADC7-378F-F68C-49046DBF7D0E}.Release|Any CPU.Build.0 = Release|Any CPU
		{1AC47FB9-4E25-DC2E-96D8-9CE4D177A065}.Debug|Any CPU.ActiveCfg = Debug|Any CPU
		{1AC47FB9-4E25-DC2E-96D8-9CE4D177A065}.Debug|Any CPU.Build.0 = Debug|Any CPU
		{1AC47FB9-4E25-DC2E-96D8-9CE4D177A065}.Release|Any CPU.ActiveCfg = Release|Any CPU
		{1AC47FB9-4E25-DC2E-96D8-9CE4D177A065}.Release|Any CPU.Build.0 = Release|Any CPU
		{B3DD8089-A007-8A48-820D-8F4EEED4144B}.Debug|Any CPU.ActiveCfg = Debug|Any CPU
		{B3DD8089-A007-8A48-820D-8F4EEED4144B}.Debug|Any CPU.Build.0 = Debug|Any CPU
		{B3DD8089-A007-8A48-820D-8F4EEED4144B}.Release|Any CPU.ActiveCfg = Release|Any CPU
		{B3DD8089-A007-8A48-820D-8F4EEED4144B}.Release|Any CPU.Build.0 = Release|Any CPU
		{9E4E5FD8-A906-67A8-AA59-6215A45175CA}.Debug|Any CPU.ActiveCfg = Debug|Any CPU
		{9E4E5FD8-A906-67A8-AA59-6215A45175CA}.Debug|Any CPU.Build.0 = Debug|Any CPU
		{9E4E5FD8-A906-67A8-AA59-6215A45175CA}.Release|Any CPU.ActiveCfg = Release|Any CPU
		{9E4E5FD8-A906-67A8-AA59-6215A45175CA}.Release|Any CPU.Build.0 = Release|Any CPU
		{210A1687-2BA2-1D13-A0D3-37FA5F2590EF}.Debug|Any CPU.ActiveCfg = Debug|Any CPU
		{210A1687-2BA2-1D13-A0D3-37FA5F2590EF}.Debug|Any CPU.Build.0 = Debug|Any CPU
		{210A1687-2BA2-1D13-A0D3-37FA5F2590EF}.Release|Any CPU.ActiveCfg = Release|Any CPU
		{210A1687-2BA2-1D13-A0D3-37FA5F2590EF}.Release|Any CPU.Build.0 = Release|Any CPU
		{9762F39C-2AB3-750E-E524-6F1B4463EBE0}.Debug|Any CPU.ActiveCfg = Debug|Any CPU
		{9762F39C-2AB3-750E-E524-6F1B4463EBE0}.Debug|Any CPU.Build.0 = Debug|Any CPU
		{9762F39C-2AB3-750E-E524-6F1B4463EBE0}.Release|Any CPU.ActiveCfg = Release|Any CPU
		{9762F39C-2AB3-750E-E524-6F1B4463EBE0}.Release|Any CPU.Build.0 = Release|Any CPU
		{52B90A61-88D0-5CE0-0901-D82432B058C0}.Debug|Any CPU.ActiveCfg = Debug|Any CPU
		{52B90A61-88D0-5CE0-0901-D82432B058C0}.Debug|Any CPU.Build.0 = Debug|Any CPU
		{52B90A61-88D0-5CE0-0901-D82432B058C0}.Release|Any CPU.ActiveCfg = Release|Any CPU
		{52B90A61-88D0-5CE0-0901-D82432B058C0}.Release|Any CPU.Build.0 = Release|Any CPU
		{B6B8B2C1-520D-BB4E-64BF-D9D13854857A}.Debug|Any CPU.ActiveCfg = Debug|Any CPU
		{B6B8B2C1-520D-BB4E-64BF-D9D13854857A}.Debug|Any CPU.Build.0 = Debug|Any CPU
		{B6B8B2C1-520D-BB4E-64BF-D9D13854857A}.Release|Any CPU.ActiveCfg = Release|Any CPU
		{B6B8B2C1-520D-BB4E-64BF-D9D13854857A}.Release|Any CPU.Build.0 = Release|Any CPU
		{6B864EF1-9094-22F4-BCBE-8CCC5075AE4A}.Debug|Any CPU.ActiveCfg = Debug|Any CPU
		{6B864EF1-9094-22F4-BCBE-8CCC5075AE4A}.Debug|Any CPU.Build.0 = Debug|Any CPU
		{6B864EF1-9094-22F4-BCBE-8CCC5075AE4A}.Release|Any CPU.ActiveCfg = Release|Any CPU
		{6B864EF1-9094-22F4-BCBE-8CCC5075AE4A}.Release|Any CPU.Build.0 = Release|Any CPU
		{7C0B0BEE-CA3D-B454-3B33-ECB4117702F2}.Debug|Any CPU.ActiveCfg = Debug|Any CPU
		{7C0B0BEE-CA3D-B454-3B33-ECB4117702F2}.Debug|Any CPU.Build.0 = Debug|Any CPU
		{7C0B0BEE-CA3D-B454-3B33-ECB4117702F2}.Release|Any CPU.ActiveCfg = Release|Any CPU
		{7C0B0BEE-CA3D-B454-3B33-ECB4117702F2}.Release|Any CPU.Build.0 = Release|Any CPU
	EndGlobalSection
	GlobalSection(SolutionProperties) = preSolution
		HideSolutionNode = FALSE
	EndGlobalSection
EndGlobal
